
Microsoft Visual Studio Solution File, Format Version 12.00
# Visual Studio Version 16
VisualStudioVersion = 16.0.31702.278
MinimumVisualStudioVersion = 10.0.40219.1
Project("{FAE04EC0-301F-11D3-BF4B-00C04F79EFBC}") = "CrearFormularioClientes", "CrearFormularioClientes\CrearFormularioClientes.csproj", "{82DBFF7E-033F-44B5-B839-24CCDA5414A3}"
EndProject
Global
	GlobalSection(SolutionConfigurationPlatforms) = preSolution
		Debug|Any CPU = Debug|Any CPU
		Release|Any CPU = Release|Any CPU
	EndGlobalSection
	GlobalSection(ProjectConfigurationPlatforms) = postSolution
		{82DBFF7E-033F-44B5-B839-24CCDA5414A3}.Debug|Any CPU.ActiveCfg = Debug|Any CPU
		{82DBFF7E-033F-44B5-B839-24CCDA5414A3}.Debug|Any CPU.Build.0 = Debug|Any CPU
		{82DBFF7E-033F-44B5-B839-24CCDA5414A3}.Release|Any CPU.ActiveCfg = Release|Any CPU
		{82DBFF7E-033F-44B5-B839-24CCDA5414A3}.Release|Any CPU.Build.0 = Release|Any CPU
	EndGlobalSection
	GlobalSection(SolutionProperties) = preSolution
		HideSolutionNode = FALSE
	EndGlobalSection
	GlobalSection(ExtensibilityGlobals) = postSolution
		SolutionGuid = {731154D3-850C-44E4-BF20-174F49299A92}
	EndGlobalSection
EndGlobal
